<?xml version="1.0" encoding="utf-8"?>
<Project ToolsVersion="4.0" xmlns="http://schemas.microsoft.com/developer/msbuild/2003">
  <ItemGroup>
    <Filter Include="源文件">
      <UniqueIdentifier>{4FC737F1-C7A5-4376-A066-2A32D752A2FF}</UniqueIdentifier>
      <Extensions>cpp;c;cc;cxx;def;odl;idl;hpj;bat;asm;asmx</Extensions>
    </Filter>
    <Filter Include="头文件">
      <UniqueIdentifier>{93995380-89BD-4b04-88EB-625FBE52EBFB}</UniqueIdentifier>
      <Extensions>h;hh;hpp;hxx;hm;inl;inc;ipp;xsd</Extensions>
    </Filter>
    <Filter Include="资源文件">
      <UniqueIdentifier>{67DA6AB6-F800-4c08-8B7A-83BB121AAD01}</UniqueIdentifier>
      <Extensions>rc;ico;cur;bmp;dlg;rc2;rct;bin;rgs;gif;jpg;jpeg;jpe;resx;tiff;tif;png;wav;mfcribbon-ms</Extensions>
    </Filter>
    <Filter Include="源文件\sjms">
      <UniqueIdentifier>{2bc22e54-017e-4d50-9be7-55dd726bc8a8}</UniqueIdentifier>
    </Filter>
    <Filter Include="源文件\ms">
      <UniqueIdentifier>{d3d2ebca-7be9-4d8d-974a-af2be9a6fe04}</UniqueIdentifier>
    </Filter>
    <Filter Include="源文件\ms\sina">
      <UniqueIdentifier>{e5eb1c9c-5507-4b37-8e8a-22e4cd106e07}</UniqueIdentifier>
    </Filter>
    <Filter Include="源文件\lru">
      <UniqueIdentifier>{a29c6f3e-f8c9-4c32-84ba-02bddf6d1496}</UniqueIdentifier>
    </Filter>
    <Filter Include="源文件\chazhao">
      <UniqueIdentifier>{83cf2ddf-02e3-4b58-ada7-4c4b210a2216}</UniqueIdentifier>
    </Filter>
    <Filter Include="源文件\paixu">
      <UniqueIdentifier>{02658a5a-a3c7-4d2d-87a1-dcc392cd7284}</UniqueIdentifier>
    </Filter>
    <Filter Include="源文件\string">
      <UniqueIdentifier>{3008a922-1a86-401e-80fa-8a83c5692281}</UniqueIdentifier>
    </Filter>
    <Filter Include="源文件\xiangmu">
      <UniqueIdentifier>{cfdb7444-c96e-4eb6-92ac-1da78146f940}</UniqueIdentifier>
    </Filter>
    <Filter Include="源文件\st_leec_shuati">
      <UniqueIdentifier>{8fbc3ef3-e926-4633-88a7-3484472aef4d}</UniqueIdentifier>
    </Filter>
    <Filter Include="源文件\jichu">
      <UniqueIdentifier>{37e94756-506c-4e60-a523-50deb476b94f}</UniqueIdentifier>
    </Filter>
    <Filter Include="源文件\shu">
      <UniqueIdentifier>{60028a23-44bc-4746-8efd-daaeb6fdc4ed}</UniqueIdentifier>
    </Filter>
    <Filter Include="源文件\caozuoxitong">
      <UniqueIdentifier>{9e981fdc-8a52-4d7f-88c9-54173733148e}</UniqueIdentifier>
    </Filter>
    <Filter Include="源文件\tu">
      <UniqueIdentifier>{98c7b8d8-0fef-4c94-8ea7-2cf350cec3b0}</UniqueIdentifier>
    </Filter>
    <Filter Include="源文件\jisuanjiwangluo">
      <UniqueIdentifier>{3716f45b-897f-4757-939b-4039c8a2f394}</UniqueIdentifier>
    </Filter>
    <Filter Include="源文件\suo">
      <UniqueIdentifier>{b6b6bfdb-0436-4128-8a45-fea34d82ff45}</UniqueIdentifier>
    </Filter>
    <Filter Include="源文件\lianbiao">
      <UniqueIdentifier>{31da5573-d4a3-4c8c-9118-924553cd9783}</UniqueIdentifier>
    </Filter>
    <Filter Include="源文件\hash">
      <UniqueIdentifier>{f5f86df3-3c75-4f75-9277-852b64700a19}</UniqueIdentifier>
    </Filter>
    <Filter Include="源文件\zhan_duilie">
      <UniqueIdentifier>{7e93f33a-ad7c-4a5e-b640-e56243afe056}</UniqueIdentifier>
    </Filter>
    <Filter Include="源文件\dcmst">
      <UniqueIdentifier>{fcc38d6c-782a-40e2-86cb-193d32e2221d}</UniqueIdentifier>
    </Filter>
    <Filter Include="源文件\st_leec_shuati\Hot100">
      <UniqueIdentifier>{cd6bf765-5bdf-4c40-bee2-86b738e43608}</UniqueIdentifier>
    </Filter>
    <Filter Include="源文件\st_leec_shuati\topms">
      <UniqueIdentifier>{48a1306a-12fe-41ec-a519-268e8b23efb8}</UniqueIdentifier>
    </Filter>
    <Filter Include="源文件\fenzhi_dongtaiguihua">
      <UniqueIdentifier>{48a58330-6d49-40a8-a215-610d9a0e8aad}</UniqueIdentifier>
    </Filter>
    <Filter Include="源文件\st_leec_shuati\gradguide">
      <UniqueIdentifier>{a51537cf-7021-4665-8c21-f504ca32ba5a}</UniqueIdentifier>
    </Filter>
    <Filter Include="源文件\内存池">
      <UniqueIdentifier>{eab816bb-a5cf-419b-9549-1fec8861c52f}</UniqueIdentifier>
    </Filter>
    <Filter Include="源文件\线程池">
      <UniqueIdentifier>{ff621211-ffcc-4e98-9af7-ff4816511830}</UniqueIdentifier>
    </Filter>
  </ItemGroup>
  <ItemGroup>
    <ClCompile Include="C++11.cpp">
      <Filter>源文件\ms\sina</Filter>
    </ClCompile>
    <ClCompile Include="px.cpp">
      <Filter>源文件\paixu</Filter>
    </ClCompile>
    <ClCompile Include="s.cpp">
      <Filter>源文件\suo</Filter>
    </ClCompile>
    <ClCompile Include="lru.cpp">
      <Filter>源文件\lru</Filter>
    </ClCompile>
    <ClCompile Include="test.cpp">
      <Filter>源文件</Filter>
    </ClCompile>
    <ClCompile Include="wangluoxiangguan.cpp">
      <Filter>源文件\jisuanjiwangluo</Filter>
    </ClCompile>
    <ClCompile Include="chazhao.cpp">
      <Filter>源文件\chazhao</Filter>
    </ClCompile>
    <ClCompile Include="string.cpp">
      <Filter>源文件\string</Filter>
    </ClCompile>
    <ClCompile Include="jianli.cpp">
      <Filter>源文件</Filter>
    </ClCompile>
    <ClCompile Include="jichu.cpp">
      <Filter>源文件\jichu</Filter>
    </ClCompile>
    <ClCompile Include="shu.cpp">
      <Filter>源文件\shu</Filter>
    </ClCompile>
    <ClCompile Include="sjms.cpp">
      <Filter>源文件\sjms</Filter>
    </ClCompile>
    <ClCompile Include="tu.cpp">
      <Filter>源文件\tu</Filter>
    </ClCompile>
    <ClCompile Include="lianbiao.cpp">
      <Filter>源文件\lianbiao</Filter>
    </ClCompile>
    <ClCompile Include="hash.cpp">
      <Filter>源文件\hash</Filter>
    </ClCompile>
    <ClCompile Include="didi.cpp">
      <Filter>源文件\dcmst</Filter>
    </ClCompile>
    <ClCompile Include="jingdong.cpp">
      <Filter>源文件\dcmst</Filter>
    </ClCompile>
    <ClCompile Include="duilie.cpp">
      <Filter>源文件\zhan_duilie</Filter>
    </ClCompile>
    <ClCompile Include="B_+Tree.cpp">
      <Filter>源文件\shu</Filter>
    </ClCompile>
    <ClCompile Include="BB_Tree.cpp">
      <Filter>源文件\shu</Filter>
    </ClCompile>
    <ClCompile Include="2-3Tree.cpp">
      <Filter>源文件\shu</Filter>
    </ClCompile>
    <ClCompile Include="NBranch_Tree.cpp">
      <Filter>源文件\shu</Filter>
    </ClCompile>
    <ClCompile Include="Bxing_Tree.cpp">
      <Filter>源文件\shu</Filter>
    </ClCompile>
    <ClCompile Include="RTree.cpp">
      <Filter>源文件\shu</Filter>
    </ClCompile>
    <ClCompile Include="2.cpp">
      <Filter>源文件\st_leec_shuati\topms</Filter>
    </ClCompile>
    <ClCompile Include="Trie_Tree.cpp">
      <Filter>源文件\shu</Filter>
    </ClCompile>
    <ClCompile Include="5.cpp">
      <Filter>源文件\st_leec_shuati\topms</Filter>
    </ClCompile>
    <ClCompile Include="8.cpp">
      <Filter>源文件\st_leec_shuati\topms</Filter>
    </ClCompile>
    <ClCompile Include="11.cpp">
      <Filter>源文件\st_leec_shuati\topms</Filter>
    </ClCompile>
    <ClCompile Include="17.cpp">
      <Filter>源文件\st_leec_shuati\topms</Filter>
    </ClCompile>
    <ClCompile Include="19.cpp">
      <Filter>源文件\st_leec_shuati\topms</Filter>
    </ClCompile>
    <ClCompile Include="22.cpp">
      <Filter>源文件\st_leec_shuati\topms</Filter>
    </ClCompile>
    <ClCompile Include="29.cpp">
      <Filter>源文件\st_leec_shuati\topms</Filter>
    </ClCompile>
    <ClCompile Include="33.cpp">
      <Filter>源文件\st_leec_shuati\topms</Filter>
    </ClCompile>
    <ClCompile Include="34.cpp">
      <Filter>源文件\st_leec_shuati\topms</Filter>
    </ClCompile>
    <ClCompile Include="36.cpp">
      <Filter>源文件\st_leec_shuati\topms</Filter>
    </ClCompile>
    <ClCompile Include="46.cpp">
      <Filter>源文件\st_leec_shuati\topms</Filter>
    </ClCompile>
    <ClCompile Include="48.cpp">
      <Filter>源文件\st_leec_shuati\topms</Filter>
    </ClCompile>
    <ClCompile Include="55.cpp">
      <Filter>源文件\st_leec_shuati\topms</Filter>
    </ClCompile>
    <ClCompile Include="56.cpp">
      <Filter>源文件\st_leec_shuati\topms</Filter>
    </ClCompile>
    <ClCompile Include="62.cpp">
      <Filter>源文件\st_leec_shuati\topms</Filter>
    </ClCompile>
    <ClCompile Include="75.cpp">
      <Filter>源文件\st_leec_shuati\topms</Filter>
    </ClCompile>
    <ClCompile Include="78.cpp">
      <Filter>源文件\st_leec_shuati\topms</Filter>
    </ClCompile>
    <ClCompile Include="79.cpp">
      <Filter>源文件\st_leec_shuati\topms</Filter>
    </ClCompile>
    <ClCompile Include="91.cpp">
      <Filter>源文件\st_leec_shuati\topms</Filter>
    </ClCompile>
    <ClCompile Include="94.cpp">
      <Filter>源文件\st_leec_shuati\topms</Filter>
    </ClCompile>
    <ClCompile Include="431.cpp">
      <Filter>源文件\st_leec_shuati</Filter>
    </ClCompile>
    <ClCompile Include="98.cpp">
      <Filter>源文件\st_leec_shuati\topms</Filter>
    </ClCompile>
    <ClCompile Include="102.cpp">
      <Filter>源文件\st_leec_shuati\topms</Filter>
    </ClCompile>
    <ClCompile Include="103.cpp">
      <Filter>源文件\st_leec_shuati\topms</Filter>
    </ClCompile>
    <ClCompile Include="105.cpp">
      <Filter>源文件\st_leec_shuati\topms</Filter>
    </ClCompile>
    <ClCompile Include="116.cpp">
      <Filter>源文件\st_leec_shuati\topms</Filter>
    </ClCompile>
    <ClCompile Include="127.cpp">
      <Filter>源文件\st_leec_shuati\topms</Filter>
    </ClCompile>
    <ClCompile Include="130.cpp">
      <Filter>源文件\st_leec_shuati\topms</Filter>
    </ClCompile>
    <ClCompile Include="131.cpp">
      <Filter>源文件\st_leec_shuati\topms</Filter>
    </ClCompile>
    <ClCompile Include="76.cpp">
      <Filter>源文件\st_leec_shuati\gradguide</Filter>
    </ClCompile>
    <ClCompile Include="mempool.cpp">
      <Filter>源文件\内存池</Filter>
    </ClCompile>
  </ItemGroup>
</Project>